// !$*UTF8*$!
{
	archiveVersion = 1;
	classes = {
	};
	objectVersion = 46;
	objects = {

/* Begin PBXBuildFile section */
		52F190A31BE4B239007E5924 /* main.m in Sources */ = {isa = PBXBuildFile; fileRef = 52F190A21BE4B239007E5924 /* main.m */; };
		52F190A61BE4B239007E5924 /* AppDelegate.m in Sources */ = {isa = PBXBuildFile; fileRef = 52F190A51BE4B239007E5924 /* AppDelegate.m */; };
		52F190A91BE4B239007E5924 /* ViewController.m in Sources */ = {isa = PBXBuildFile; fileRef = 52F190A81BE4B239007E5924 /* ViewController.m */; };
		52F190AC1BE4B239007E5924 /* Main.storyboard in Resources */ = {isa = PBXBuildFile; fileRef = 52F190AA1BE4B239007E5924 /* Main.storyboard */; };
		52F190AF1BE4B239007E5924 /* ____.xcdatamodeld in Sources */ = {isa = PBXBuildFile; fileRef = 52F190AD1BE4B239007E5924 /* ____.xcdatamodeld */; };
		52F190B11BE4B239007E5924 /* Assets.xcassets in Resources */ = {isa = PBXBuildFile; fileRef = 52F190B01BE4B239007E5924 /* Assets.xcassets */; };
		52F190B41BE4B239007E5924 /* LaunchScreen.storyboard in Resources */ = {isa = PBXBuildFile; fileRef = 52F190B21BE4B239007E5924 /* LaunchScreen.storyboard */; };
/* End PBXBuildFile section */

/* Begin PBXFileReference section */
		52F1909E1BE4B239007E5924 /* 阿雪微商.app */ = {isa = PBXFileReference; explicitFileType = wrapper.application; includeInIndex = 0; path = "阿雪微商.app"; sourceTree = BUILT_PRODUCTS_DIR; };
		52F190A21BE4B239007E5924 /* main.m */ = {isa = PBXFileReference; lastKnownFileType = sourcecode.c.objc; path = main.m; sourceTree = "<group>"; };
		52F190A41BE4B239007E5924 /* AppDelegate.h */ = {isa = PBXFileReference; lastKnownFileType = sourcecode.c.h; path = AppDelegate.h; sourceTree = "<group>"; };
		52F190A51BE4B239007E5924 /* AppDelegate.m */ = {isa = PBXFileReference; lastKnownFileType = sourcecode.c.objc; path = AppDelegate.m; sourceTree = "<group>"; };
		52F190A71BE4B239007E5924 /* ViewController.h */ = {isa = PBXFileReference; lastKnownFileType = sourcecode.c.h; path = ViewController.h; sourceTree = "<group>"; };
		52F190A81BE4B239007E5924 /* ViewController.m */ = {isa = PBXFileReference; lastKnownFileType = sourcecode.c.objc; path = ViewController.m; sourceTree = "<group>"; };
		52F190AB1BE4B239007E5924 /* Base */ = {isa = PBXFileReference; lastKnownFileType = file.storyboard; name = Base; path = Base.lproj/Main.storyboard; sourceTree = "<group>"; };
		52F190AE1BE4B239007E5924 /* ____.xcdatamodel */ = {isa = PBXFileReference; lastKnownFileType = wrapper.xcdatamodel; path = "____.xcdatamodel"; sourceTree = "<group>"; };
		52F190B01BE4B239007E5924 /* Assets.xcassets */ = {isa = PBXFileReference; lastKnownFileType = folder.assetcatalog; path = Assets.xcassets; sourceTree = "<group>"; };
		52F190B31BE4B239007E5924 /* Base */ = {isa = PBXFileReference; lastKnownFileType = file.storyboard; name = Base; path = Base.lproj/LaunchScreen.storyboard; sourceTree = "<group>"; };
		52F190B51BE4B239007E5924 /* Info.plist */ = {isa = PBXFileReference; lastKnownFileType = text.plist.xml; path = Info.plist; sourceTree = "<group>"; };
/* End PBXFileReference section */

/* Begin PBXFrameworksBuildPhase section */
		52F1909B1BE4B239007E5924 /* Frameworks */ = {
			isa = PBXFrameworksBuildPhase;
			buildActionMask = 2147483647;
			files = (
			);
			runOnlyForDeploymentPostprocessing = 0;
		};
/* End PBXFrameworksBuildPhase section */

/* Begin PBXGroup section */
		52F190951BE4B239007E5924 = {
			isa = PBXGroup;
			children = (
				52F190A01BE4B239007E5924 /* 阿雪微商 */,
				52F1909F1BE4B239007E5924 /* Products */,
			);
			sourceTree = "<group>";
		};
		52F1909F1BE4B239007E5924 /* Products */ = {
			isa = PBXGroup;
			children = (
				52F1909E1BE4B239007E5924 /* 阿雪微商.app */,
			);
			name = Products;
			sourceTree = "<group>";
		};
		52F190A01BE4B239007E5924 /* 阿雪微商 */ = {
			isa = PBXGroup;
			children = (
				52F190A41BE4B239007E5924 /* AppDelegate.h */,
				52F190A51BE4B239007E5924 /* AppDelegate.m */,
				52F190A71BE4B239007E5924 /* ViewController.h */,
				52F190A81BE4B239007E5924 /* ViewController.m */,
				52F190AA1BE4B239007E5924 /* Main.storyboard */,
				52F190B01BE4B239007E5924 /* Assets.xcassets */,
				52F190B21BE4B239007E5924 /* LaunchScreen.storyboard */,
				52F190B51BE4B239007E5924 /* Info.plist */,
				52F190AD1BE4B239007E5924 /* ____.xcdatamodeld */,
				52F190A11BE4B239007E5924 /* Supporting Files */,
			);
			path = "阿雪微商";
			sourceTree = "<group>";
		};
		52F190A11BE4B239007E5924 /* Supporting Files */ = {
			isa = PBXGroup;
			children = (
				52F190A21BE4B239007E5924 /* main.m */,
			);
			name = "Supporting Files";
			sourceTree = "<group>";
		};
/* End PBXGroup section */

/* Begin PBXNativeTarget section */
		52F1909D1BE4B239007E5924 /* 阿雪微商 */ = {
			isa = PBXNativeTarget;
			buildConfigurationList = 52F190B81BE4B239007E5924 /* Build configuration list for PBXNativeTarget "阿雪微商" */;
			buildPhases = (
				52F1909A1BE4B239007E5924 /* Sources */,
				52F1909B1BE4B239007E5924 /* Frameworks */,
				52F1909C1BE4B239007E5924 /* Resources */,
			);
			buildRules = (
			);
			dependencies = (
			);
			name = "阿雪微商";
			productName = "阿雪微商";
			productReference = 52F1909E1BE4B239007E5924 /* 阿雪微商.app */;
			productType = "com.apple.product-type.application";
		};
/* End PBXNativeTarget section */

/* Begin PBXProject section */
		52F190961BE4B239007E5924 /* Project object */ = {
			isa = PBXProject;
			attributes = {
				LastUpgradeCheck = 0700;
				ORGANIZATIONNAME = LafreeTream;
				TargetAttributes = {
					52F1909D1BE4B239007E5924 = {
						CreatedOnToolsVersion = 7.0.1;
					};
				};
			};
			buildConfigurationList = 52F190991BE4B239007E5924 /* Build configuration list for PBXProject "阿雪微商" */;
			compatibilityVersion = "Xcode 3.2";
			developmentRegion = English;
			hasScannedForEncodings = 0;
			knownRegions = (
				en,
				Base,
			);
			mainGroup = 52F190951BE4B239007E5924;
			productRefGroup = 52F1909F1BE4B239007E5924 /* Products */;
			projectDirPath = "";
			projectRoot = "";
			targets = (
				52F1909D1BE4B239007E5924 /* 阿雪微商 */,
			);
		};
/* End PBXProject section */

/* Begin PBXResourcesBuildPhase section */
		52F1909C1BE4B239007E5924 /* Resources */ = {
			isa = PBXResourcesBuildPhase;
			buildActionMask = 2147483647;
			files = (
				52F190B41BE4B239007E5924 /* LaunchScreen.storyboard in Resources */,
				52F190B11BE4B239007E5924 /* Assets.xcassets in Resources */,
				52F190AC1BE4B239007E5924 /* Main.storyboard in Resources */,
			);
			runOnlyForDeploymentPostprocessing = 0;
		};
/* End PBXResourcesBuildPhase section */

/* Begin PBXSourcesBuildPhase section */
		52F1909A1BE4B239007E5924 /* Sources */ = {
			isa = PBXSourcesBuildPhase;
			buildActionMask = 2147483647;
			files = (
				52F190A91BE4B239007E5924 /* ViewController.m in Sources */,
				52F190AF1BE4B239007E5924 /* ____.xcdatamodeld in Sources */,
				52F190A61BE4B239007E5924 /* AppDelegate.m in Sources */,
				52F190A31BE4B239007E5924 /* main.m in Sources */,
			);
			runOnlyForDeploymentPostprocessing = 0;
		};
/* End PBXSourcesBuildPhase section */

/* Begin PBXVariantGroup section */
		52F190AA1BE4B239007E5924 /* Main.storyboard */ = {
			isa = PBXVariantGroup;
			children = (
				52F190AB1BE4B239007E5924 /* Base */,
			);
			name = Main.storyboard;
			sourceTree = "<group>";
		};
		52F190B21BE4B239007E5924 /* LaunchScreen.storyboard */ = {
			isa = PBXVariantGroup;
			children = (
				52F190B31BE4B239007E5924 /* Base */,
			);
			name = LaunchScreen.storyboard;
			sourceTree = "<group>";
		};
/* End PBXVariantGroup section */

/* Begin XCBuildConfiguration section */
		52F190B61BE4B239007E5924 /* Debug */ = {
			isa = XCBuildConfiguration;
			buildSettings = {
				ALWAYS_SEARCH_USER_PATHS = NO;
				CLANG_CXX_LANGUAGE_STANDARD = "gnu++0x";
				CLANG_CXX_LIBRARY = "libc++";
				CLANG_ENABLE_MODULES = YES;
				CLANG_ENABLE_OBJC_ARC = YES;
				CLANG_WARN_BOOL_CONVERSION = YES;
				CLANG_WARN_CONSTANT_CONVERSION = YES;
				CLANG_WARN_DIRECT_OBJC_ISA_USAGE = YES_ERROR;
				CLANG_WARN_EMPTY_BODY = YES;
				CLANG_WARN_ENUM_CONVERSION = YES;
				CLANG_WARN_INT_CONVERSION = YES;
				CLANG_WARN_OBJC_ROOT_CLASS = YES_ERROR;
				CLANG_WARN_UNREACHABLE_CODE = YES;
				CLANG_WARN__DUPLICATE_METHOD_MATCH = YES;
				"CODE_SIGN_IDENTITY[sdk=iphoneos*]" = "iPhone Developer";
				COPY_PHASE_STRIP = NO;
				DEBUG_INFORMATION_FORMAT = dwarf;
				ENABLE_STRICT_OBJC_MSGSEND = YES;
				ENABLE_TESTABILITY = YES;
				GCC_C_LANGUAGE_STANDARD = gnu99;
				GCC_DYNAMIC_NO_PIC = NO;
				GCC_NO_COMMON_BLOCKS = YES;
				GCC_OPTIMIZATION_LEVEL = 0;
				GCC_PREPROCESSOR_DEFINITIONS = (
					"DEBUG=1",
					"$(inherited)",
				);
				GCC_WARN_64_TO_32_BIT_CONVERSION = YES;
				GCC_WARN_ABOUT_RETURN_TYPE = YES_ERROR;
				GCC_WARN_UNDECLARED_SELECTOR = YES;
				GCC_WARN_UNINITIALIZED_AUTOS = YES_AGGRESSIVE;
				GCC_WARN_UNUSED_FUNCTION = YES;
				GCC_WARN_UNUSED_VARIABLE = YES;
				IPHONEOS_DEPLOYMENT_TARGET = 9.0;
				MTL_ENABLE_DEBUG_INFO = YES;
				ONLY_ACTIVE_ARCH = YES;
				SDKROOT = iphoneos;
			};
			name = Debug;
		};
		52F190B71BE4B239007E5924 /* Release */ = {
			isa = XCBuildConfiguration;
			buildSettings = {
				ALWAYS_SEARCH_USER_PATHS = NO;
				CLANG_CXX_LANGUAGE_STANDARD = "gnu++0x";
				CLANG_CXX_LIBRARY = "libc++";
				CLANG_ENABLE_MODULES = YES;
				CLANG_ENABLE_OBJC_ARC = YES;
				CLANG_WARN_BOOL_CONVERSION = YES;
				CLANG_WARN_CONSTANT_CONVERSION = YES;
				CLANG_WARN_DIRECT_OBJC_ISA_USAGE = YES_ERROR;
				CLANG_WARN_EMPTY_BODY = YES;
				CLANG_WARN_ENUM_CONVERSION = YES;
				CLANG_WARN_INT_CONVERSION = YES;
				CLANG_WARN_OBJC_ROOT_CLASS = YES_ERROR;
				CLANG_WARN_UNREACHABLE_CODE = YES;
				CLANG_WARN__DUPLICATE_METHOD_MATCH = YES;
				"CODE_SIGN_IDENTITY[sdk=iphoneos*]" = "iPhone Developer";
				COPY_PHASE_STRIP = NO;
				DEBUG_INFORMATION_FORMAT = "dwarf-with-dsym";
				ENABLE_NS_ASSERTIONS = NO;
				ENABLE_STRICT_OBJC_MSGSEND = YES;
				GCC_C_LANGUAGE_STANDARD = gnu99;
				GCC_NO_COMMON_BLOCKS = YES;
				GCC_WARN_64_TO_32_BIT_CONVERSION = YES;
				GCC_WARN_ABOUT_RETURN_TYPE = YES_ERROR;
				GCC_WARN_UNDECLARED_SELECTOR = YES;
				GCC_WARN_UNINITIALIZED_AUTOS = YES_AGGRESSIVE;
				GCC_WARN_UNUSED_FUNCTION = YES;
				GCC_WARN_UNUSED_VARIABLE = YES;
				IPHONEOS_DEPLOYMENT_TARGET = 9.0;
				MTL_ENABLE_DEBUG_INFO = NO;
				SDKROOT = iphoneos;
				VALIDATE_PRODUCT = YES;
			};
			name = Release;
		};
		52F190B91BE4B239007E5924 /* Debug */ = {
			isa = XCBuildConfiguration;
			buildSettings = {
				ASSETCATALOG_COMPILER_APPICON_NAME = AppIcon;
				INFOPLIST_FILE = "阿雪微商/Info.plist";
				LD_RUNPATH_SEARCH_PATHS = "$(inherited) @executable_path/Frameworks";
				PRODUCT_BUNDLE_IDENTIFIER = "lafreeTream.----";
				PRODUCT_NAME = "$(TARGET_NAME)";
			};
			name = Debug;
		};
		52F190BA1BE4B239007E5924 /* Release */ = {
			isa = XCBuildConfiguration;
			buildSettings = {
				ASSETCATALOG_COMPILER_APPICON_NAME = AppIcon;
				INFOPLIST_FILE = "阿雪微商/Info.plist";
				LD_RUNPATH_SEARCH_PATHS = "$(inherited) @executable_path/Frameworks";
				PRODUCT_BUNDLE_IDENTIFIER = "lafreeTream.----";
				PRODUCT_NAME = "$(TARGET_NAME)";
			};
			name = Release;
		};
/* End XCBuildConfiguration section */

/* Begin XCConfigurationList section */
		52F190991BE4B239007E5924 /* Build configuration list for PBXProject "阿雪微商" */ = {
			isa = XCConfigurationList;
			buildConfigurations = (
				52F190B61BE4B239007E5924 /* Debug */,
				52F190B71BE4B239007E5924 /* Release */,
			);
			defaultConfigurationIsVisible = 0;
			defaultConfigurationName = Release;
		};
		52F190B81BE4B239007E5924 /* Build configuration list for PBXNativeTarget "阿雪微商" */ = {
			isa = XCConfigurationList;
			buildConfigurations = (
				52F190B91BE4B239007E5924 /* Debug */,
				52F190BA1BE4B239007E5924 /* Release */,
			);
			defaultConfigurationIsVisible = 0;
		};
/* End XCConfigurationList section */

/* Begin XCVersionGroup section */
		52F190AD1BE4B239007E5924 /* ____.xcdatamodeld */ = {
			isa = XCVersionGroup;
			children = (
				52F190AE1BE4B239007E5924 /* ____.xcdatamodel */,
			);
			currentVersion = 52F190AE1BE4B239007E5924 /* ____.xcdatamodel */;
			path = "____.xcdatamodeld";
			sourceTree = "<group>";
			versionGroupType = wrapper.xcdatamodel;
		};
/* End XCVersionGroup section */
	};
	rootObject = 52F190961BE4B239007E5924 /* Project object */;
}
